
Microsoft Visual Studio Solution File, Format Version 12.00
# Visual Studio Version 16
VisualStudioVersion = 16.0.31702.278
MinimumVisualStudioVersion = 10.0.40219.1
Project("{FAE04EC0-301F-11D3-BF4B-00C04F79EFBC}") = "Activity 2", "Activity 2\Activity 2.csproj", "{C00E10A6-2A25-4EAD-8747-617AC5EDA1F3}"
EndProject
Global
	GlobalSection(SolutionConfigurationPlatforms) = preSolution
		Debug|Any CPU = Debug|Any CPU
		Release|Any CPU = Release|Any CPU
	EndGlobalSection
	GlobalSection(ProjectConfigurationPlatforms) = postSolution
		{C00E10A6-2A25-4EAD-8747-617AC5EDA1F3}.Debug|Any CPU.ActiveCfg = Debug|Any CPU
		{C00E10A6-2A25-4EAD-8747-617AC5EDA1F3}.Debug|Any CPU.Build.0 = Debug|Any CPU
		{C00E10A6-2A25-4EAD-8747-617AC5EDA1F3}.Release|Any CPU.ActiveCfg = Release|Any CPU
		{C00E10A6-2A25-4EAD-8747-617AC5EDA1F3}.Release|Any CPU.Build.0 = Release|Any CPU
	EndGlobalSection
	GlobalSection(SolutionProperties) = preSolution
		HideSolutionNode = FALSE
	EndGlobalSection
	GlobalSection(ExtensibilityGlobals) = postSolution
		SolutionGuid = {2FFD0D3E-A64D-4EAA-A8D5-4AD915BCC924}
	EndGlobalSection
EndGlobal
